
Microsoft Visual Studio Solution File, Format Version 12.00
# Visual Studio Version 17
VisualStudioVersion = 17.7.34221.43
MinimumVisualStudioVersion = 10.0.40219.1
Project("{FAE04EC0-301F-11D3-BF4B-00C04F79EFBC}") = "ManageIT", "ManageIT\ManageIT.csproj", "{08D18098-A5C5-4B5E-BFB5-8A6204CA8D58}"
EndProject
Global
	GlobalSection(SolutionConfigurationPlatforms) = preSolution
		Debug|Any CPU = Debug|Any CPU
		Release|Any CPU = Release|Any CPU
	EndGlobalSection
	GlobalSection(ProjectConfigurationPlatforms) = postSolution
		{08D18098-A5C5-4B5E-BFB5-8A6204CA8D58}.Debug|Any CPU.ActiveCfg = Debug|Any CPU
		{08D18098-A5C5-4B5E-BFB5-8A6204CA8D58}.Debug|Any CPU.Build.0 = Debug|Any CPU
		{08D18098-A5C5-4B5E-BFB5-8A6204CA8D58}.Release|Any CPU.ActiveCfg = Release|Any CPU
		{08D18098-A5C5-4B5E-BFB5-8A6204CA8D58}.Release|Any CPU.Build.0 = Release|Any CPU
	EndGlobalSection
	GlobalSection(SolutionProperties) = preSolution
		HideSolutionNode = FALSE
	EndGlobalSection
	GlobalSection(ExtensibilityGlobals) = postSolution
		SolutionGuid = {77F0AE13-573D-4A50-8BC9-D5AE2D1F2A44}
	EndGlobalSection
EndGlobal
